// !$*UTF8*$!
{
	archiveVersion = 1;
	classes = {
	};
	objectVersion = 50;
	objects = {

/* Begin PBXBuildFile section */
		C6E8E80B212C1B2B000024EB /* AppDelegate.swift in Sources */ = {isa = PBXBuildFile; fileRef = C6E8E80A212C1B2B000024EB /* AppDelegate.swift */; };
		C6E8E80D212C1B2B000024EB /* ViewController.swift in Sources */ = {isa = PBXBuildFile; fileRef = C6E8E80C212C1B2B000024EB /* ViewController.swift */; };
		C6E8E810212C1B2B000024EB /* Main.storyboard in Resources */ = {isa = PBXBuildFile; fileRef = C6E8E80E212C1B2B000024EB /* Main.storyboard */; };
		C6E8E812212C1B30000024EB /* Assets.xcassets in Resources */ = {isa = PBXBuildFile; fileRef = C6E8E811212C1B30000024EB /* Assets.xcassets */; };
		C6E8E815212C1B30000024EB /* LaunchScreen.storyboard in Resources */ = {isa = PBXBuildFile; fileRef = C6E8E813212C1B30000024EB /* LaunchScreen.storyboard */; };
		C6E8E820212C1B31000024EB /* BluetoothBasicTests.swift in Sources */ = {isa = PBXBuildFile; fileRef = C6E8E81F212C1B31000024EB /* BluetoothBasicTests.swift */; };
		C6E8E82B212C1B31000024EB /* BluetoothBasicUITests.swift in Sources */ = {isa = PBXBuildFile; fileRef = C6E8E82A212C1B31000024EB /* BluetoothBasicUITests.swift */; };
/* End PBXBuildFile section */

/* Begin PBXContainerItemProxy section */
		C6E8E81C212C1B31000024EB /* PBXContainerItemProxy */ = {
			isa = PBXContainerItemProxy;
			containerPortal = C6E8E7FF212C1B2B000024EB /* Project object */;
			proxyType = 1;
			remoteGlobalIDString = C6E8E806212C1B2B000024EB;
			remoteInfo = BluetoothBasic;
		};
		C6E8E827212C1B31000024EB /* PBXContainerItemProxy */ = {
			isa = PBXContainerItemProxy;
			containerPortal = C6E8E7FF212C1B2B000024EB /* Project object */;
			proxyType = 1;
			remoteGlobalIDString = C6E8E806212C1B2B000024EB;
			remoteInfo = BluetoothBasic;
		};
/* End PBXContainerItemProxy section */

/* Begin PBXFileReference section */
		C6E8E807212C1B2B000024EB /* BluetoothBasic.app */ = {isa = PBXFileReference; explicitFileType = wrapper.application; includeInIndex = 0; path = BluetoothBasic.app; sourceTree = BUILT_PRODUCTS_DIR; };
		C6E8E80A212C1B2B000024EB /* AppDelegate.swift */ = {isa = PBXFileReference; lastKnownFileType = sourcecode.swift; path = AppDelegate.swift; sourceTree = "<group>"; };
		C6E8E80C212C1B2B000024EB /* ViewController.swift */ = {isa = PBXFileReference; lastKnownFileType = sourcecode.swift; path = ViewController.swift; sourceTree = "<group>"; };
		C6E8E80F212C1B2B000024EB /* Base */ = {isa = PBXFileReference; lastKnownFileType = file.storyboard; name = Base; path = Base.lproj/Main.storyboard; sourceTree = "<group>"; };
		C6E8E811212C1B30000024EB /* Assets.xcassets */ = {isa = PBXFileReference; lastKnownFileType = folder.assetcatalog; path = Assets.xcassets; sourceTree = "<group>"; };
		C6E8E814212C1B30000024EB /* Base */ = {isa = PBXFileReference; lastKnownFileType = file.storyboard; name = Base; path = Base.lproj/LaunchScreen.storyboard; sourceTree = "<group>"; };
		C6E8E816212C1B30000024EB /* Info.plist */ = {isa = PBXFileReference; lastKnownFileType = text.plist.xml; path = Info.plist; sourceTree = "<group>"; };
		C6E8E81B212C1B31000024EB /* BluetoothBasicTests.xctest */ = {isa = PBXFileReference; explicitFileType = wrapper.cfbundle; includeInIndex = 0; path = BluetoothBasicTests.xctest; sourceTree = BUILT_PRODUCTS_DIR; };
		C6E8E81F212C1B31000024EB /* BluetoothBasicTests.swift */ = {isa = PBXFileReference; lastKnownFileType = sourcecode.swift; path = BluetoothBasicTests.swift; sourceTree = "<group>"; };
		C6E8E821212C1B31000024EB /* Info.plist */ = {isa = PBXFileReference; lastKnownFileType = text.plist.xml; path = Info.plist; sourceTree = "<group>"; };
		C6E8E826212C1B31000024EB /* BluetoothBasicUITests.xctest */ = {isa = PBXFileReference; explicitFileType = wrapper.cfbundle; includeInIndex = 0; path = BluetoothBasicUITests.xctest; sourceTree = BUILT_PRODUCTS_DIR; };
		C6E8E82A212C1B31000024EB /* BluetoothBasicUITests.swift */ = {isa = PBXFileReference; lastKnownFileType = sourcecode.swift; path = BluetoothBasicUITests.swift; sourceTree = "<group>"; };
		C6E8E82C212C1B31000024EB /* Info.plist */ = {isa = PBXFileReference; lastKnownFileType = text.plist.xml; path = Info.plist; sourceTree = "<group>"; };
/* End PBXFileReference section */

/* Begin PBXFrameworksBuildPhase section */
		C6E8E804212C1B2B000024EB /* Frameworks */ = {
			isa = PBXFrameworksBuildPhase;
			buildActionMask = 2147483647;
			files = (
			);
			runOnlyForDeploymentPostprocessing = 0;
		};
		C6E8E818212C1B31000024EB /* Frameworks */ = {
			isa = PBXFrameworksBuildPhase;
			buildActionMask = 2147483647;
			files = (
			);
			runOnlyForDeploymentPostprocessing = 0;
		};
		C6E8E823212C1B31000024EB /* Frameworks */ = {
			isa = PBXFrameworksBuildPhase;
			buildActionMask = 2147483647;
			files = (
			);
			runOnlyForDeploymentPostprocessing = 0;
		};
/* End PBXFrameworksBuildPhase section */

/* Begin PBXGroup section */
		C6E8E7FE212C1B2B000024EB = {
			isa = PBXGroup;
			children = (
				C6E8E809212C1B2B000024EB /* BluetoothBasic */,
				C6E8E81E212C1B31000024EB /* BluetoothBasicTests */,
				C6E8E829212C1B31000024EB /* BluetoothBasicUITests */,
				C6E8E808212C1B2B000024EB /* Products */,
			);
			sourceTree = "<group>";
		};
		C6E8E808212C1B2B000024EB /* Products */ = {
			isa = PBXGroup;
			children = (
				C6E8E807212C1B2B000024EB /* BluetoothBasic.app */,
				C6E8E81B212C1B31000024EB /* BluetoothBasicTests.xctest */,
				C6E8E826212C1B31000024EB /* BluetoothBasicUITests.xctest */,
			);
			name = Products;
			sourceTree = "<group>";
		};
		C6E8E809212C1B2B000024EB /* BluetoothBasic */ = {
			isa = PBXGroup;
			children = (
				C6E8E80A212C1B2B000024EB /* AppDelegate.swift */,
				C6E8E80C212C1B2B000024EB /* ViewController.swift */,
				C6E8E80E212C1B2B000024EB /* Main.storyboard */,
				C6E8E811212C1B30000024EB /* Assets.xcassets */,
				C6E8E813212C1B30000024EB /* LaunchScreen.storyboard */,
				C6E8E816212C1B30000024EB /* Info.plist */,
			);
			path = BluetoothBasic;
			sourceTree = "<group>";
		};
		C6E8E81E212C1B31000024EB /* BluetoothBasicTests */ = {
			isa = PBXGroup;
			children = (
				C6E8E81F212C1B31000024EB /* BluetoothBasicTests.swift */,
				C6E8E821212C1B31000024EB /* Info.plist */,
			);
			path = BluetoothBasicTests;
			sourceTree = "<group>";
		};
		C6E8E829212C1B31000024EB /* BluetoothBasicUITests */ = {
			isa = PBXGroup;
			children = (
				C6E8E82A212C1B31000024EB /* BluetoothBasicUITests.swift */,
				C6E8E82C212C1B31000024EB /* Info.plist */,
			);
			path = BluetoothBasicUITests;
			sourceTree = "<group>";
		};
/* End PBXGroup section */

/* Begin PBXNativeTarget section */
		C6E8E806212C1B2B000024EB /* BluetoothBasic */ = {
			isa = PBXNativeTarget;
			buildConfigurationList = C6E8E82F212C1B31000024EB /* Build configuration list for PBXNativeTarget "BluetoothBasic" */;
			buildPhases = (
				C6E8E803212C1B2B000024EB /* Sources */,
				C6E8E804212C1B2B000024EB /* Frameworks */,
				C6E8E805212C1B2B000024EB /* Resources */,
			);
			buildRules = (
			);
			dependencies = (
			);
			name = BluetoothBasic;
			productName = BluetoothBasic;
			productReference = C6E8E807212C1B2B000024EB /* BluetoothBasic.app */;
			productType = "com.apple.product-type.application";
		};
		C6E8E81A212C1B31000024EB /* BluetoothBasicTests */ = {
			isa = PBXNativeTarget;
			buildConfigurationList = C6E8E832212C1B31000024EB /* Build configuration list for PBXNativeTarget "BluetoothBasicTests" */;
			buildPhases = (
				C6E8E817212C1B31000024EB /* Sources */,
				C6E8E818212C1B31000024EB /* Frameworks */,
				C6E8E819212C1B31000024EB /* Resources */,
			);
			buildRules = (
			);
			dependencies = (
				C6E8E81D212C1B31000024EB /* PBXTargetDependency */,
			);
			name = BluetoothBasicTests;
			productName = BluetoothBasicTests;
			productReference = C6E8E81B212C1B31000024EB /* BluetoothBasicTests.xctest */;
			productType = "com.apple.product-type.bundle.unit-test";
		};
		C6E8E825212C1B31000024EB /* BluetoothBasicUITests */ = {
			isa = PBXNativeTarget;
			buildConfigurationList = C6E8E835212C1B31000024EB /* Build configuration list for PBXNativeTarget "BluetoothBasicUITests" */;
			buildPhases = (
				C6E8E822212C1B31000024EB /* Sources */,
				C6E8E823212C1B31000024EB /* Frameworks */,
				C6E8E824212C1B31000024EB /* Resources */,
			);
			buildRules = (
			);
			dependencies = (
				C6E8E828212C1B31000024EB /* PBXTargetDependency */,
			);
			name = BluetoothBasicUITests;
			productName = BluetoothBasicUITests;
			productReference = C6E8E826212C1B31000024EB /* BluetoothBasicUITests.xctest */;
			productType = "com.apple.product-type.bundle.ui-testing";
		};
/* End PBXNativeTarget section */

/* Begin PBXProject section */
		C6E8E7FF212C1B2B000024EB /* Project object */ = {
			isa = PBXProject;
			attributes = {
				LastSwiftUpdateCheck = 0940;
				LastUpgradeCheck = 0940;
				ORGANIZATIONNAME = AfricanProgrammer;
				TargetAttributes = {
					C6E8E806212C1B2B000024EB = {
						CreatedOnToolsVersion = 9.4.1;
					};
					C6E8E81A212C1B31000024EB = {
						CreatedOnToolsVersion = 9.4.1;
						TestTargetID = C6E8E806212C1B2B000024EB;
					};
					C6E8E825212C1B31000024EB = {
						CreatedOnToolsVersion = 9.4.1;
						TestTargetID = C6E8E806212C1B2B000024EB;
					};
				};
			};
			buildConfigurationList = C6E8E802212C1B2B000024EB /* Build configuration list for PBXProject "BluetoothBasic" */;
			compatibilityVersion = "Xcode 9.3";
			developmentRegion = en;
			hasScannedForEncodings = 0;
			knownRegions = (
				en,
				Base,
			);
			mainGroup = C6E8E7FE212C1B2B000024EB;
			productRefGroup = C6E8E808212C1B2B000024EB /* Products */;
			projectDirPath = "";
			projectRoot = "";
			targets = (
				C6E8E806212C1B2B000024EB /* BluetoothBasic */,
				C6E8E81A212C1B31000024EB /* BluetoothBasicTests */,
				C6E8E825212C1B31000024EB /* BluetoothBasicUITests */,
			);
		};
/* End PBXProject section */

/* Begin PBXResourcesBuildPhase section */
		C6E8E805212C1B2B000024EB /* Resources */ = {
			isa = PBXResourcesBuildPhase;
			buildActionMask = 2147483647;
			files = (
				C6E8E815212C1B30000024EB /* LaunchScreen.storyboard in Resources */,
				C6E8E812212C1B30000024EB /* Assets.xcassets in Resources */,
				C6E8E810212C1B2B000024EB /* Main.storyboard in Resources */,
			);
			runOnlyForDeploymentPostprocessing = 0;
		};
		C6E8E819212C1B31000024EB /* Resources */ = {
			isa = PBXResourcesBuildPhase;
			buildActionMask = 2147483647;
			files = (
			);
			runOnlyForDeploymentPostprocessing = 0;
		};
		C6E8E824212C1B31000024EB /* Resources */ = {
			isa = PBXResourcesBuildPhase;
			buildActionMask = 2147483647;
			files = (
			);
			runOnlyForDeploymentPostprocessing = 0;
		};
/* End PBXResourcesBuildPhase section */

/* Begin PBXSourcesBuildPhase section */
		C6E8E803212C1B2B000024EB /* Sources */ = {
			isa = PBXSourcesBuildPhase;
			buildActionMask = 2147483647;
			files = (
				C6E8E80D212C1B2B000024EB /* ViewController.swift in Sources */,
				C6E8E80B212C1B2B000024EB /* AppDelegate.swift in Sources */,
			);
			runOnlyForDeploymentPostprocessing = 0;
		};
		C6E8E817212C1B31000024EB /* Sources */ = {
			isa = PBXSourcesBuildPhase;
			buildActionMask = 2147483647;
			files = (
				C6E8E820212C1B31000024EB /* BluetoothBasicTests.swift in Sources */,
			);
			runOnlyForDeploymentPostprocessing = 0;
		};
		C6E8E822212C1B31000024EB /* Sources */ = {
			isa = PBXSourcesBuildPhase;
			buildActionMask = 2147483647;
			files = (
				C6E8E82B212C1B31000024EB /* BluetoothBasicUITests.swift in Sources */,
			);
			runOnlyForDeploymentPostprocessing = 0;
		};
/* End PBXSourcesBuildPhase section */

/* Begin PBXTargetDependency section */
		C6E8E81D212C1B31000024EB /* PBXTargetDependency */ = {
			isa = PBXTargetDependency;
			target = C6E8E806212C1B2B000024EB /* BluetoothBasic */;
			targetProxy = C6E8E81C212C1B31000024EB /* PBXContainerItemProxy */;
		};
		C6E8E828212C1B31000024EB /* PBXTargetDependency */ = {
			isa = PBXTargetDependency;
			target = C6E8E806212C1B2B000024EB /* BluetoothBasic */;
			targetProxy = C6E8E827212C1B31000024EB /* PBXContainerItemProxy */;
		};
/* End PBXTargetDependency section */

/* Begin PBXVariantGroup section */
		C6E8E80E212C1B2B000024EB /* Main.storyboard */ = {
			isa = PBXVariantGroup;
			children = (
				C6E8E80F212C1B2B000024EB /* Base */,
			);
			name = Main.storyboard;
			sourceTree = "<group>";
		};
		C6E8E813212C1B30000024EB /* LaunchScreen.storyboard */ = {
			isa = PBXVariantGroup;
			children = (
				C6E8E814212C1B30000024EB /* Base */,
			);
			name = LaunchScreen.storyboard;
			sourceTree = "<group>";
		};
/* End PBXVariantGroup section */

/* Begin XCBuildConfiguration section */
		C6E8E82D212C1B31000024EB /* Debug */ = {
			isa = XCBuildConfiguration;
			buildSettings = {
				ALWAYS_SEARCH_USER_PATHS = NO;
				CLANG_ANALYZER_NONNULL = YES;
				CLANG_ANALYZER_NUMBER_OBJECT_CONVERSION = YES_AGGRESSIVE;
				CLANG_CXX_LANGUAGE_STANDARD = "gnu++14";
				CLANG_CXX_LIBRARY = "libc++";
				CLANG_ENABLE_MODULES = YES;
				CLANG_ENABLE_OBJC_ARC = YES;
				CLANG_ENABLE_OBJC_WEAK = YES;
				CLANG_WARN_BLOCK_CAPTURE_AUTORELEASING = YES;
				CLANG_WARN_BOOL_CONVERSION = YES;
				CLANG_WARN_COMMA = YES;
				CLANG_WARN_CONSTANT_CONVERSION = YES;
				CLANG_WARN_DEPRECATED_OBJC_IMPLEMENTATIONS = YES;
				CLANG_WARN_DIRECT_OBJC_ISA_USAGE = YES_ERROR;
				CLANG_WARN_DOCUMENTATION_COMMENTS = YES;
				CLANG_WARN_EMPTY_BODY = YES;
				CLANG_WARN_ENUM_CONVERSION = YES;
				CLANG_WARN_INFINITE_RECURSION = YES;
				CLANG_WARN_INT_CONVERSION = YES;
				CLANG_WARN_NON_LITERAL_NULL_CONVERSION = YES;
				CLANG_WARN_OBJC_IMPLICIT_RETAIN_SELF = YES;
				CLANG_WARN_OBJC_LITERAL_CONVERSION = YES;
				CLANG_WARN_OBJC_ROOT_CLASS = YES_ERROR;
				CLANG_WARN_RANGE_LOOP_ANALYSIS = YES;
				CLANG_WARN_STRICT_PROTOTYPES = YES;
				CLANG_WARN_SUSPICIOUS_MOVE = YES;
				CLANG_WARN_UNGUARDED_AVAILABILITY = YES_AGGRESSIVE;
				CLANG_WARN_UNREACHABLE_CODE = YES;
				CLANG_WARN__DUPLICATE_METHOD_MATCH = YES;
				CODE_SIGN_IDENTITY = "iPhone Developer";
				COPY_PHASE_STRIP = NO;
				DEBUG_INFORMATION_FORMAT = dwarf;
				ENABLE_STRICT_OBJC_MSGSEND = YES;
				ENABLE_TESTABILITY = YES;
				GCC_C_LANGUAGE_STANDARD = gnu11;
				GCC_DYNAMIC_NO_PIC = NO;
				GCC_NO_COMMON_BLOCKS = YES;
				GCC_OPTIMIZATION_LEVEL = 0;
				GCC_PREPROCESSOR_DEFINITIONS = (
					"DEBUG=1",
					"$(inherited)",
				);
				GCC_WARN_64_TO_32_BIT_CONVERSION = YES;
				GCC_WARN_ABOUT_RETURN_TYPE = YES_ERROR;
				GCC_WARN_UNDECLARED_SELECTOR = YES;
				GCC_WARN_UNINITIALIZED_AUTOS = YES_AGGRESSIVE;
				GCC_WARN_UNUSED_FUNCTION = YES;
				GCC_WARN_UNUSED_VARIABLE = YES;
				IPHONEOS_DEPLOYMENT_TARGET = 11.4;
				MTL_ENABLE_DEBUG_INFO = YES;
				ONLY_ACTIVE_ARCH = YES;
				SDKROOT = iphoneos;
				SWIFT_ACTIVE_COMPILATION_CONDITIONS = DEBUG;
				SWIFT_OPTIMIZATION_LEVEL = "-Onone";
			};
			name = Debug;
		};
		C6E8E82E212C1B31000024EB /* Release */ = {
			isa = XCBuildConfiguration;
			buildSettings = {
				ALWAYS_SEARCH_USER_PATHS = NO;
				CLANG_ANALYZER_NONNULL = YES;
				CLANG_ANALYZER_NUMBER_OBJECT_CONVERSION = YES_AGGRESSIVE;
				CLANG_CXX_LANGUAGE_STANDARD = "gnu++14";
				CLANG_CXX_LIBRARY = "libc++";
				CLANG_ENABLE_MODULES = YES;
				CLANG_ENABLE_OBJC_ARC = YES;
				CLANG_ENABLE_OBJC_WEAK = YES;
				CLANG_WARN_BLOCK_CAPTURE_AUTORELEASING = YES;
				CLANG_WARN_BOOL_CONVERSION = YES;
				CLANG_WARN_COMMA = YES;
				CLANG_WARN_CONSTANT_CONVERSION = YES;
				CLANG_WARN_DEPRECATED_OBJC_IMPLEMENTATIONS = YES;
				CLANG_WARN_DIRECT_OBJC_ISA_USAGE = YES_ERROR;
				CLANG_WARN_DOCUMENTATION_COMMENTS = YES;
				CLANG_WARN_EMPTY_BODY = YES;
				CLANG_WARN_ENUM_CONVERSION = YES;
				CLANG_WARN_INFINITE_RECURSION = YES;
				CLANG_WARN_INT_CONVERSION = YES;
				CLANG_WARN_NON_LITERAL_NULL_CONVERSION = YES;
				CLANG_WARN_OBJC_IMPLICIT_RETAIN_SELF = YES;
				CLANG_WARN_OBJC_LITERAL_CONVERSION = YES;
				CLANG_WARN_OBJC_ROOT_CLASS = YES_ERROR;
				CLANG_WARN_RANGE_LOOP_ANALYSIS = YES;
				CLANG_WARN_STRICT_PROTOTYPES = YES;
				CLANG_WARN_SUSPICIOUS_MOVE = YES;
				CLANG_WARN_UNGUARDED_AVAILABILITY = YES_AGGRESSIVE;
				CLANG_WARN_UNREACHABLE_CODE = YES;
				CLANG_WARN__DUPLICATE_METHOD_MATCH = YES;
				CODE_SIGN_IDENTITY = "iPhone Developer";
				COPY_PHASE_STRIP = NO;
				DEBUG_INFORMATION_FORMAT = "dwarf-with-dsym";
				ENABLE_NS_ASSERTIONS = NO;
				ENABLE_STRICT_OBJC_MSGSEND = YES;
				GCC_C_LANGUAGE_STANDARD = gnu11;
				GCC_NO_COMMON_BLOCKS = YES;
				GCC_WARN_64_TO_32_BIT_CONVERSION = YES;
				GCC_WARN_ABOUT_RETURN_TYPE = YES_ERROR;
				GCC_WARN_UNDECLARED_SELECTOR = YES;
				GCC_WARN_UNINITIALIZED_AUTOS = YES_AGGRESSIVE;
				GCC_WARN_UNUSED_FUNCTION = YES;
				GCC_WARN_UNUSED_VARIABLE = YES;
				IPHONEOS_DEPLOYMENT_TARGET = 11.4;
				MTL_ENABLE_DEBUG_INFO = NO;
				SDKROOT = iphoneos;
				SWIFT_COMPILATION_MODE = wholemodule;
				SWIFT_OPTIMIZATION_LEVEL = "-O";
				VALIDATE_PRODUCT = YES;
			};
			name = Release;
		};
		C6E8E830212C1B31000024EB /* Debug */ = {
			isa = XCBuildConfiguration;
			buildSettings = {
				ASSETCATALOG_COMPILER_APPICON_NAME = AppIcon;
				CODE_SIGN_STYLE = Automatic;
				DEVELOPMENT_TEAM = 96T64TQN79;
				INFOPLIST_FILE = BluetoothBasic/Info.plist;
				LD_RUNPATH_SEARCH_PATHS = (
					"$(inherited)",
					"@executable_path/Frameworks",
				);
				PRODUCT_BUNDLE_IDENTIFIER = africannotesapp.BluetoothBasic;
				PRODUCT_NAME = "$(TARGET_NAME)";
				SWIFT_VERSION = 4.0;
				TARGETED_DEVICE_FAMILY = "1,2";
			};
			name = Debug;
		};
		C6E8E831212C1B31000024EB /* Release */ = {
			isa = XCBuildConfiguration;
			buildSettings = {
				ASSETCATALOG_COMPILER_APPICON_NAME = AppIcon;
				CODE_SIGN_STYLE = Automatic;
				DEVELOPMENT_TEAM = 96T64TQN79;
				INFOPLIST_FILE = BluetoothBasic/Info.plist;
				LD_RUNPATH_SEARCH_PATHS = (
					"$(inherited)",
					"@executable_path/Frameworks",
				);
				PRODUCT_BUNDLE_IDENTIFIER = africannotesapp.BluetoothBasic;
				PRODUCT_NAME = "$(TARGET_NAME)";
				SWIFT_VERSION = 4.0;
				TARGETED_DEVICE_FAMILY = "1,2";
			};
			name = Release;
		};
		C6E8E833212C1B31000024EB /* Debug */ = {
			isa = XCBuildConfiguration;
			buildSettings = {
				ALWAYS_EMBED_SWIFT_STANDARD_LIBRARIES = YES;
				BUNDLE_LOADER = "$(TEST_HOST)";
				CODE_SIGN_STYLE = Automatic;
				DEVELOPMENT_TEAM = 96T64TQN79;
				INFOPLIST_FILE = BluetoothBasicTests/Info.plist;
				LD_RUNPATH_SEARCH_PATHS = (
					"$(inherited)",
					"@executable_path/Frameworks",
					"@loader_path/Frameworks",
				);
				PRODUCT_BUNDLE_IDENTIFIER = africannotesapp.BluetoothBasicTests;
				PRODUCT_NAME = "$(TARGET_NAME)";
				SWIFT_VERSION = 4.0;
				TARGETED_DEVICE_FAMILY = "1,2";
				TEST_HOST = "$(BUILT_PRODUCTS_DIR)/BluetoothBasic.app/BluetoothBasic";
			};
			name = Debug;
		};
		C6E8E834212C1B31000024EB /* Release */ = {
			isa = XCBuildConfiguration;
			buildSettings = {
				ALWAYS_EMBED_SWIFT_STANDARD_LIBRARIES = YES;
				BUNDLE_LOADER = "$(TEST_HOST)";
				CODE_SIGN_STYLE = Automatic;
				DEVELOPMENT_TEAM = 96T64TQN79;
				INFOPLIST_FILE = BluetoothBasicTests/Info.plist;
				LD_RUNPATH_SEARCH_PATHS = (
					"$(inherited)",
					"@executable_path/Frameworks",
					"@loader_path/Frameworks",
				);
				PRODUCT_BUNDLE_IDENTIFIER = africannotesapp.BluetoothBasicTests;
				PRODUCT_NAME = "$(TARGET_NAME)";
				SWIFT_VERSION = 4.0;
				TARGETED_DEVICE_FAMILY = "1,2";
				TEST_HOST = "$(BUILT_PRODUCTS_DIR)/BluetoothBasic.app/BluetoothBasic";
			};
			name = Release;
		};
		C6E8E836212C1B31000024EB /* Debug */ = {
			isa = XCBuildConfiguration;
			buildSettings = {
				ALWAYS_EMBED_SWIFT_STANDARD_LIBRARIES = YES;
				CODE_SIGN_STYLE = Automatic;
				DEVELOPMENT_TEAM = 96T64TQN79;
				INFOPLIST_FILE = BluetoothBasicUITests/Info.plist;
				LD_RUNPATH_SEARCH_PATHS = (
					"$(inherited)",
					"@executable_path/Frameworks",
					"@loader_path/Frameworks",
				);
				PRODUCT_BUNDLE_IDENTIFIER = africannotesapp.BluetoothBasicUITests;
				PRODUCT_NAME = "$(TARGET_NAME)";
				SWIFT_VERSION = 4.0;
				TARGETED_DEVICE_FAMILY = "1,2";
				TEST_TARGET_NAME = BluetoothBasic;
			};
			name = Debug;
		};
		C6E8E837212C1B31000024EB /* Release */ = {
			isa = XCBuildConfiguration;
			buildSettings = {
				ALWAYS_EMBED_SWIFT_STANDARD_LIBRARIES = YES;
				CODE_SIGN_STYLE = Automatic;
				DEVELOPMENT_TEAM = 96T64TQN79;
				INFOPLIST_FILE = BluetoothBasicUITests/Info.plist;
				LD_RUNPATH_SEARCH_PATHS = (
					"$(inherited)",
					"@executable_path/Frameworks",
					"@loader_path/Frameworks",
				);
				PRODUCT_BUNDLE_IDENTIFIER = africannotesapp.BluetoothBasicUITests;
				PRODUCT_NAME = "$(TARGET_NAME)";
				SWIFT_VERSION = 4.0;
				TARGETED_DEVICE_FAMILY = "1,2";
				TEST_TARGET_NAME = BluetoothBasic;
			};
			name = Release;
		};
/* End XCBuildConfiguration section */

/* Begin XCConfigurationList section */
		C6E8E802212C1B2B000024EB /* Build configuration list for PBXProject "BluetoothBasic" */ = {
			isa = XCConfigurationList;
			buildConfigurations = (
				C6E8E82D212C1B31000024EB /* Debug */,
				C6E8E82E212C1B31000024EB /* Release */,
			);
			defaultConfigurationIsVisible = 0;
			defaultConfigurationName = Release;
		};
		C6E8E82F212C1B31000024EB /* Build configuration list for PBXNativeTarget "BluetoothBasic" */ = {
			isa = XCConfigurationList;
			buildConfigurations = (
				C6E8E830212C1B31000024EB /* Debug */,
				C6E8E831212C1B31000024EB /* Release */,
			);
			defaultConfigurationIsVisible = 0;
			defaultConfigurationName = Release;
		};
		C6E8E832212C1B31000024EB /* Build configuration list for PBXNativeTarget "BluetoothBasicTests" */ = {
			isa = XCConfigurationList;
			buildConfigurations = (
				C6E8E833212C1B31000024EB /* Debug */,
				C6E8E834212C1B31000024EB /* Release */,
			);
			defaultConfigurationIsVisible = 0;
			defaultConfigurationName = Release;
		};
		C6E8E835212C1B31000024EB /* Build configuration list for PBXNativeTarget "BluetoothBasicUITests" */ = {
			isa = XCConfigurationList;
			buildConfigurations = (
				C6E8E836212C1B31000024EB /* Debug */,
				C6E8E837212C1B31000024EB /* Release */,
			);
			defaultConfigurationIsVisible = 0;
			defaultConfigurationName = Release;
		};
/* End XCConfigurationList section */
	};
	rootObject = C6E8E7FF212C1B2B000024EB /* Project object */;
}
